<?xml version="1.0" encoding="utf-8"?>
<Project ToolsVersion="4.0" xmlns="http://schemas.microsoft.com/developer/msbuild/2003">
  <ItemGroup>
    <Filter Include="Source Files">
      <UniqueIdentifier>{4FC737F1-C7A5-4376-A066-2A32D752A2FF}</UniqueIdentifier>
      <Extensions>cpp;c;cc;cxx;c++;cppm;ixx;def;odl;idl;hpj;bat;asm;asmx</Extensions>
    </Filter>
    <Filter Include="Header Files">
      <UniqueIdentifier>{93995380-89BD-4b04-88EB-625FBE52EBFB}</UniqueIdentifier>
      <Extensions>h;hh;hpp;hxx;h++;hm;inl;inc;ipp;xsd</Extensions>
    </Filter>
    <Filter Include="Resource Files">
      <UniqueIdentifier>{67DA6AB6-F800-4c08-8B7A-83BB121AAD01}</UniqueIdentifier>
      <Extensions>rc;ico;cur;bmp;dlg;rc2;rct;bin;rgs;gif;jpg;jpeg;jpe;resx;tiff;tif;png;wav;mfcribbon-ms</Extensions>
    </Filter>
    <Filter Include="Source Files\Interest Rate">
      <UniqueIdentifier>{6257aad6-cc2c-47a6-be65-a7d92d6fd0b1}</UniqueIdentifier>
    </Filter>
    <Filter Include="Source Files\Forex">
      <UniqueIdentifier>{db3673bf-ca79-4aff-aa23-65cc1e2bc233}</UniqueIdentifier>
    </Filter>
    <Filter Include="Source Files\Credit">
      <UniqueIdentifier>{7e685fce-54bb-4c36-a193-a893fcdb9c44}</UniqueIdentifier>
    </Filter>
    <Filter Include="Source Files\Hybrids">
      <UniqueIdentifier>{4907dfc4-26d6-4bed-bef3-76475cf40da3}</UniqueIdentifier>
    </Filter>
  </ItemGroup>
  <ItemGroup>
    <ClCompile Include="..\HW_MC\FixedRateSwap.cpp">
      <Filter>Source Files\Interest Rate</Filter>
    </ClCompile>
    <ClCompile Include="BasisSwap.cpp">
      <Filter>Source Files\Interest Rate</Filter>
    </ClCompile>
    <ClCompile Include="..\HW_MC\BermudanSwaption.cpp">
      <Filter>Source Files\Interest Rate</Filter>
    </ClCompile>
    <ClCompile Include="CDS.cpp">
      <Filter>Source Files\Credit</Filter>
    </ClCompile>
    <ClCompile Include="XCCYSwap.cpp">
      <Filter>Source Files\Forex</Filter>
    </ClCompile>
    <ClCompile Include="NDF.cpp">
      <Filter>Source Files\Forex</Filter>
    </ClCompile>
    <ClCompile Include="FxBarrierOption.cpp">
      <Filter>Source Files\Forex</Filter>
    </ClCompile>
  </ItemGroup>
  <ItemGroup>
    <ClInclude Include="BasisSwap.hpp">
      <Filter>Header Files</Filter>
    </ClInclude>
    <ClInclude Include="CDS.hpp">
      <Filter>Header Files</Filter>
    </ClInclude>
    <ClInclude Include="NDF.hpp">
      <Filter>Header Files</Filter>
    </ClInclude>
    <ClInclude Include="XCCYSwap.hpp">
      <Filter>Header Files</Filter>
    </ClInclude>
    <ClInclude Include="FxBarrierOption.hpp">
      <Filter>Header Files</Filter>
    </ClInclude>
  </ItemGroup>
</Project>